
Microsoft Visual Studio Solution File, Format Version 12.00
Project("{FAE04EC0-301F-11D3-BF4B-00C04F79EFBC}") = "Solid-Principles", "Solid-Principles\Solid-Principles.csproj", "{EFB26FFC-E8A5-468B-8BBB-A93E1CD5A466}"
EndProject
Project("{2150E333-8FDC-42A3-9474-1A3956D46DE8}") = "Exercises", "Exercises", "{232EC037-54DB-4DC5-A994-6141849FE964}"
EndProject
Project("{FAE04EC0-301F-11D3-BF4B-00C04F79EFBC}") = "Exercise-1", "Exercise-1\Exercise-1.csproj", "{D1A9C989-DF90-46F3-941F-098987D707E5}"
EndProject
Project("{2150E333-8FDC-42A3-9474-1A3956D46DE8}") = "Creational-Patterns", "Creational-Patterns", "{22CD3398-EB4D-4663-B28E-D45116A56C0C}"
EndProject
Project("{2150E333-8FDC-42A3-9474-1A3956D46DE8}") = "Singleton-Patterns", "Singleton-Patterns", "{E0A412EC-9025-4E69-8C44-85D951E58FD3}"
EndProject
Project("{FAE04EC0-301F-11D3-BF4B-00C04F79EFBC}") = "Monostate-Singleton", "Creational-Patterns\Singleton-Patterns\Monostate-Singleton\Monostate-Singleton.csproj", "{CD8E519B-09CA-4957-9FBE-B0C00EB2B5DC}"
EndProject
Project("{FAE04EC0-301F-11D3-BF4B-00C04F79EFBC}") = "Hated-Singleton", "Creational-Patterns\Singleton-Patterns\Hated-Singleton\Hated-Singleton.csproj", "{C902B951-04F8-4149-8D5C-297608357275}"
EndProject
Project("{2150E333-8FDC-42A3-9474-1A3956D46DE8}") = "Factory-Patterns", "Factory-Patterns", "{CA55FF52-E0AB-4B45-89C9-AEC22D9810FD}"
EndProject
Project("{2150E333-8FDC-42A3-9474-1A3956D46DE8}") = "Builder-Patterns", "Builder-Patterns", "{711E626B-295E-4A8E-984C-37637F94365F}"
EndProject
Project("{FAE04EC0-301F-11D3-BF4B-00C04F79EFBC}") = "Abstract-Factory", "Creational-Patterns\Factory-Patterns\Abstract-Factory\Abstract-Factory.csproj", "{069A0912-80E6-4ADF-A29E-01357219D435}"
EndProject
Project("{FAE04EC0-301F-11D3-BF4B-00C04F79EFBC}") = "Async-Factory", "Creational-Patterns\Factory-Patterns\Async-Factory\Async-Factory.csproj", "{2FFC0526-6C34-4C1A-B0DA-619F006B9199}"
EndProject
Project("{FAE04EC0-301F-11D3-BF4B-00C04F79EFBC}") = "Factory", "Creational-Patterns\Factory-Patterns\Factory\Factory.csproj", "{A406923A-CC78-4811-ABD9-8D3F3B65357A}"
EndProject
Project("{FAE04EC0-301F-11D3-BF4B-00C04F79EFBC}") = "Factory-Method", "Creational-Patterns\Factory-Patterns\Factory-Method\Factory-Method.csproj", "{2DEDBC10-9A7A-4A0E-9E49-211D70CECDEF}"
EndProject
Project("{FAE04EC0-301F-11D3-BF4B-00C04F79EFBC}") = "Inner-Factory", "Creational-Patterns\Factory-Patterns\Inner-Factory\Inner-Factory.csproj", "{BC56ECA6-7E19-4132-A237-C6AF3E04B0B5}"
EndProject
Project("{FAE04EC0-301F-11D3-BF4B-00C04F79EFBC}") = "Builder", "Creational-Patterns\Builder-Patterns\Builder\Builder.csproj", "{3ED636CA-CFD6-4BEC-926F-0B56EA0AE23D}"
EndProject
Project("{FAE04EC0-301F-11D3-BF4B-00C04F79EFBC}") = "Faceted-Builder", "Creational-Patterns\Builder-Patterns\Faceted-Builder\Faceted-Builder.csproj", "{E3712E3F-D37F-42BF-AA64-C89BD54650D6}"
EndProject
Project("{FAE04EC0-301F-11D3-BF4B-00C04F79EFBC}") = "Fluent-Builder", "Creational-Patterns\Builder-Patterns\Fluent-Builder\Fluent-Builder.csproj", "{BB9B955A-9E5D-4075-88F2-42E8E92B567E}"
EndProject
Project("{FAE04EC0-301F-11D3-BF4B-00C04F79EFBC}") = "Functional-Builder", "Creational-Patterns\Builder-Patterns\Functional-Builder\Functional-Builder.csproj", "{D23533CC-1B17-4E1B-B35F-148BED8C3C65}"
EndProject
Project("{FAE04EC0-301F-11D3-BF4B-00C04F79EFBC}") = "Per-Thread-Singleton", "Creational-Patterns\Singleton-Patterns\Per-Thread-Singleton\Per-Thread-Singleton.csproj", "{93477142-011D-45F8-A2CD-E8891FC689CB}"
EndProject
Project("{FAE04EC0-301F-11D3-BF4B-00C04F79EFBC}") = "Ambient-Context", "Creational-Patterns\Singleton-Patterns\Ambient-Context\Ambient-Context.csproj", "{B4C7C596-875F-40D0-8A54-04D473DFB098}"
EndProject
Project("{2150E333-8FDC-42A3-9474-1A3956D46DE8}") = "Adapter-Patterns", "Adapter-Patterns", "{FA2F0B85-EE67-4F84-AD3D-684E9410435A}"
EndProject
Project("{2150E333-8FDC-42A3-9474-1A3956D46DE8}") = "Prototype-Patterns", "Prototype-Patterns", "{9EDFCCAC-2707-4D84-A843-440247F39F65}"
EndProject
Project("{FAE04EC0-301F-11D3-BF4B-00C04F79EFBC}") = "Prototype", "Creational-Patterns\Prototype-Patterns\Prototype\Prototype.csproj", "{42AC6CE3-17E1-4641-9DF7-2F0FDE3DD755}"
EndProject
Global
	GlobalSection(SolutionConfigurationPlatforms) = preSolution
		Debug|Any CPU = Debug|Any CPU
		Release|Any CPU = Release|Any CPU
	EndGlobalSection
	GlobalSection(ProjectConfigurationPlatforms) = postSolution
		{EFB26FFC-E8A5-468B-8BBB-A93E1CD5A466}.Debug|Any CPU.ActiveCfg = Debug|Any CPU
		{EFB26FFC-E8A5-468B-8BBB-A93E1CD5A466}.Debug|Any CPU.Build.0 = Debug|Any CPU
		{EFB26FFC-E8A5-468B-8BBB-A93E1CD5A466}.Release|Any CPU.ActiveCfg = Release|Any CPU
		{EFB26FFC-E8A5-468B-8BBB-A93E1CD5A466}.Release|Any CPU.Build.0 = Release|Any CPU
		{D1A9C989-DF90-46F3-941F-098987D707E5}.Debug|Any CPU.ActiveCfg = Debug|Any CPU
		{D1A9C989-DF90-46F3-941F-098987D707E5}.Debug|Any CPU.Build.0 = Debug|Any CPU
		{D1A9C989-DF90-46F3-941F-098987D707E5}.Release|Any CPU.ActiveCfg = Release|Any CPU
		{D1A9C989-DF90-46F3-941F-098987D707E5}.Release|Any CPU.Build.0 = Release|Any CPU
		{CD8E519B-09CA-4957-9FBE-B0C00EB2B5DC}.Debug|Any CPU.ActiveCfg = Debug|Any CPU
		{CD8E519B-09CA-4957-9FBE-B0C00EB2B5DC}.Debug|Any CPU.Build.0 = Debug|Any CPU
		{CD8E519B-09CA-4957-9FBE-B0C00EB2B5DC}.Release|Any CPU.ActiveCfg = Release|Any CPU
		{CD8E519B-09CA-4957-9FBE-B0C00EB2B5DC}.Release|Any CPU.Build.0 = Release|Any CPU
		{C902B951-04F8-4149-8D5C-297608357275}.Debug|Any CPU.ActiveCfg = Debug|Any CPU
		{C902B951-04F8-4149-8D5C-297608357275}.Debug|Any CPU.Build.0 = Debug|Any CPU
		{C902B951-04F8-4149-8D5C-297608357275}.Release|Any CPU.ActiveCfg = Release|Any CPU
		{C902B951-04F8-4149-8D5C-297608357275}.Release|Any CPU.Build.0 = Release|Any CPU
		{069A0912-80E6-4ADF-A29E-01357219D435}.Debug|Any CPU.ActiveCfg = Debug|Any CPU
		{069A0912-80E6-4ADF-A29E-01357219D435}.Debug|Any CPU.Build.0 = Debug|Any CPU
		{069A0912-80E6-4ADF-A29E-01357219D435}.Release|Any CPU.ActiveCfg = Release|Any CPU
		{069A0912-80E6-4ADF-A29E-01357219D435}.Release|Any CPU.Build.0 = Release|Any CPU
		{2FFC0526-6C34-4C1A-B0DA-619F006B9199}.Debug|Any CPU.ActiveCfg = Debug|Any CPU
		{2FFC0526-6C34-4C1A-B0DA-619F006B9199}.Debug|Any CPU.Build.0 = Debug|Any CPU
		{2FFC0526-6C34-4C1A-B0DA-619F006B9199}.Release|Any CPU.ActiveCfg = Release|Any CPU
		{2FFC0526-6C34-4C1A-B0DA-619F006B9199}.Release|Any CPU.Build.0 = Release|Any CPU
		{A406923A-CC78-4811-ABD9-8D3F3B65357A}.Debug|Any CPU.ActiveCfg = Debug|Any CPU
		{A406923A-CC78-4811-ABD9-8D3F3B65357A}.Debug|Any CPU.Build.0 = Debug|Any CPU
		{A406923A-CC78-4811-ABD9-8D3F3B65357A}.Release|Any CPU.ActiveCfg = Release|Any CPU
		{A406923A-CC78-4811-ABD9-8D3F3B65357A}.Release|Any CPU.Build.0 = Release|Any CPU
		{2DEDBC10-9A7A-4A0E-9E49-211D70CECDEF}.Debug|Any CPU.ActiveCfg = Debug|Any CPU
		{2DEDBC10-9A7A-4A0E-9E49-211D70CECDEF}.Debug|Any CPU.Build.0 = Debug|Any CPU
		{2DEDBC10-9A7A-4A0E-9E49-211D70CECDEF}.Release|Any CPU.ActiveCfg = Release|Any CPU
		{2DEDBC10-9A7A-4A0E-9E49-211D70CECDEF}.Release|Any CPU.Build.0 = Release|Any CPU
		{BC56ECA6-7E19-4132-A237-C6AF3E04B0B5}.Debug|Any CPU.ActiveCfg = Debug|Any CPU
		{BC56ECA6-7E19-4132-A237-C6AF3E04B0B5}.Debug|Any CPU.Build.0 = Debug|Any CPU
		{BC56ECA6-7E19-4132-A237-C6AF3E04B0B5}.Release|Any CPU.ActiveCfg = Release|Any CPU
		{BC56ECA6-7E19-4132-A237-C6AF3E04B0B5}.Release|Any CPU.Build.0 = Release|Any CPU
		{3ED636CA-CFD6-4BEC-926F-0B56EA0AE23D}.Debug|Any CPU.ActiveCfg = Debug|Any CPU
		{3ED636CA-CFD6-4BEC-926F-0B56EA0AE23D}.Debug|Any CPU.Build.0 = Debug|Any CPU
		{3ED636CA-CFD6-4BEC-926F-0B56EA0AE23D}.Release|Any CPU.ActiveCfg = Release|Any CPU
		{3ED636CA-CFD6-4BEC-926F-0B56EA0AE23D}.Release|Any CPU.Build.0 = Release|Any CPU
		{E3712E3F-D37F-42BF-AA64-C89BD54650D6}.Debug|Any CPU.ActiveCfg = Debug|Any CPU
		{E3712E3F-D37F-42BF-AA64-C89BD54650D6}.Debug|Any CPU.Build.0 = Debug|Any CPU
		{E3712E3F-D37F-42BF-AA64-C89BD54650D6}.Release|Any CPU.ActiveCfg = Release|Any CPU
		{E3712E3F-D37F-42BF-AA64-C89BD54650D6}.Release|Any CPU.Build.0 = Release|Any CPU
		{BB9B955A-9E5D-4075-88F2-42E8E92B567E}.Debug|Any CPU.ActiveCfg = Debug|Any CPU
		{BB9B955A-9E5D-4075-88F2-42E8E92B567E}.Debug|Any CPU.Build.0 = Debug|Any CPU
		{BB9B955A-9E5D-4075-88F2-42E8E92B567E}.Release|Any CPU.ActiveCfg = Release|Any CPU
		{BB9B955A-9E5D-4075-88F2-42E8E92B567E}.Release|Any CPU.Build.0 = Release|Any CPU
		{D23533CC-1B17-4E1B-B35F-148BED8C3C65}.Debug|Any CPU.ActiveCfg = Debug|Any CPU
		{D23533CC-1B17-4E1B-B35F-148BED8C3C65}.Debug|Any CPU.Build.0 = Debug|Any CPU
		{D23533CC-1B17-4E1B-B35F-148BED8C3C65}.Release|Any CPU.ActiveCfg = Release|Any CPU
		{D23533CC-1B17-4E1B-B35F-148BED8C3C65}.Release|Any CPU.Build.0 = Release|Any CPU
		{93477142-011D-45F8-A2CD-E8891FC689CB}.Debug|Any CPU.ActiveCfg = Debug|Any CPU
		{93477142-011D-45F8-A2CD-E8891FC689CB}.Debug|Any CPU.Build.0 = Debug|Any CPU
		{93477142-011D-45F8-A2CD-E8891FC689CB}.Release|Any CPU.ActiveCfg = Release|Any CPU
		{93477142-011D-45F8-A2CD-E8891FC689CB}.Release|Any CPU.Build.0 = Release|Any CPU
		{B4C7C596-875F-40D0-8A54-04D473DFB098}.Debug|Any CPU.ActiveCfg = Debug|Any CPU
		{B4C7C596-875F-40D0-8A54-04D473DFB098}.Debug|Any CPU.Build.0 = Debug|Any CPU
		{B4C7C596-875F-40D0-8A54-04D473DFB098}.Release|Any CPU.ActiveCfg = Release|Any CPU
		{B4C7C596-875F-40D0-8A54-04D473DFB098}.Release|Any CPU.Build.0 = Release|Any CPU
		{42AC6CE3-17E1-4641-9DF7-2F0FDE3DD755}.Debug|Any CPU.ActiveCfg = Debug|Any CPU
		{42AC6CE3-17E1-4641-9DF7-2F0FDE3DD755}.Debug|Any CPU.Build.0 = Debug|Any CPU
		{42AC6CE3-17E1-4641-9DF7-2F0FDE3DD755}.Release|Any CPU.ActiveCfg = Release|Any CPU
		{42AC6CE3-17E1-4641-9DF7-2F0FDE3DD755}.Release|Any CPU.Build.0 = Release|Any CPU
	EndGlobalSection
	GlobalSection(NestedProjects) = preSolution
		{D1A9C989-DF90-46F3-941F-098987D707E5} = {232EC037-54DB-4DC5-A994-6141849FE964}
		{E0A412EC-9025-4E69-8C44-85D951E58FD3} = {22CD3398-EB4D-4663-B28E-D45116A56C0C}
		{CD8E519B-09CA-4957-9FBE-B0C00EB2B5DC} = {E0A412EC-9025-4E69-8C44-85D951E58FD3}
		{C902B951-04F8-4149-8D5C-297608357275} = {E0A412EC-9025-4E69-8C44-85D951E58FD3}
		{CA55FF52-E0AB-4B45-89C9-AEC22D9810FD} = {22CD3398-EB4D-4663-B28E-D45116A56C0C}
		{711E626B-295E-4A8E-984C-37637F94365F} = {22CD3398-EB4D-4663-B28E-D45116A56C0C}
		{069A0912-80E6-4ADF-A29E-01357219D435} = {CA55FF52-E0AB-4B45-89C9-AEC22D9810FD}
		{2FFC0526-6C34-4C1A-B0DA-619F006B9199} = {CA55FF52-E0AB-4B45-89C9-AEC22D9810FD}
		{A406923A-CC78-4811-ABD9-8D3F3B65357A} = {CA55FF52-E0AB-4B45-89C9-AEC22D9810FD}
		{2DEDBC10-9A7A-4A0E-9E49-211D70CECDEF} = {CA55FF52-E0AB-4B45-89C9-AEC22D9810FD}
		{BC56ECA6-7E19-4132-A237-C6AF3E04B0B5} = {CA55FF52-E0AB-4B45-89C9-AEC22D9810FD}
		{3ED636CA-CFD6-4BEC-926F-0B56EA0AE23D} = {711E626B-295E-4A8E-984C-37637F94365F}
		{E3712E3F-D37F-42BF-AA64-C89BD54650D6} = {711E626B-295E-4A8E-984C-37637F94365F}
		{BB9B955A-9E5D-4075-88F2-42E8E92B567E} = {711E626B-295E-4A8E-984C-37637F94365F}
		{D23533CC-1B17-4E1B-B35F-148BED8C3C65} = {711E626B-295E-4A8E-984C-37637F94365F}
		{93477142-011D-45F8-A2CD-E8891FC689CB} = {E0A412EC-9025-4E69-8C44-85D951E58FD3}
		{B4C7C596-875F-40D0-8A54-04D473DFB098} = {E0A412EC-9025-4E69-8C44-85D951E58FD3}
		{FA2F0B85-EE67-4F84-AD3D-684E9410435A} = {22CD3398-EB4D-4663-B28E-D45116A56C0C}
		{9EDFCCAC-2707-4D84-A843-440247F39F65} = {22CD3398-EB4D-4663-B28E-D45116A56C0C}
		{42AC6CE3-17E1-4641-9DF7-2F0FDE3DD755} = {9EDFCCAC-2707-4D84-A843-440247F39F65}
	EndGlobalSection
EndGlobal
