
Microsoft Visual Studio Solution File, Format Version 12.00
Project("{FAE04EC0-301F-11D3-BF4B-00C04F79EFBC}") = "Solid-Principles", "Solid-Principles\Solid-Principles.csproj", "{EFB26FFC-E8A5-468B-8BBB-A93E1CD5A466}"
EndProject
Project("{2150E333-8FDC-42A3-9474-1A3956D46DE8}") = "Exercises", "Exercises", "{232EC037-54DB-4DC5-A994-6141849FE964}"
EndProject
Project("{FAE04EC0-301F-11D3-BF4B-00C04F79EFBC}") = "Exercise-1", "Exercise-1\Exercise-1.csproj", "{D1A9C989-DF90-46F3-941F-098987D707E5}"
EndProject
Project("{2150E333-8FDC-42A3-9474-1A3956D46DE8}") = "Creational-Patterns", "Creational-Patterns", "{22CD3398-EB4D-4663-B28E-D45116A56C0C}"
EndProject
Project("{FAE04EC0-301F-11D3-BF4B-00C04F79EFBC}") = "Builder", "Creational-Patterns\Builder\Builder.csproj", "{CDE42C7E-92C3-477C-A27C-C7C9BAC718D5}"
EndProject
Project("{FAE04EC0-301F-11D3-BF4B-00C04F79EFBC}") = "Faceted-Builder", "Creational-Patterns\Faceted-Builder\Faceted-Builder.csproj", "{AE668CE4-97DA-488E-A116-7718B2E91133}"
EndProject
Project("{FAE04EC0-301F-11D3-BF4B-00C04F79EFBC}") = "Fluent-Builder", "Creational-Patterns\Fluent-Builder\Fluent-Builder.csproj", "{A2A07444-A7A1-4ECC-8671-FD5922C99DCF}"
EndProject
Project("{FAE04EC0-301F-11D3-BF4B-00C04F79EFBC}") = "Functional-Builder", "Creational-Patterns\Functional-Builder\Functional-Builder.csproj", "{6530B2E1-C470-497F-A6BB-7553239515A9}"
EndProject
Project("{FAE04EC0-301F-11D3-BF4B-00C04F79EFBC}") = "Factory", "Creational-Patterns\Factory\Factory.csproj", "{A81B2A37-315A-4F56-9B6F-2A6D370FD016}"
EndProject
Global
	GlobalSection(SolutionConfigurationPlatforms) = preSolution
		Debug|Any CPU = Debug|Any CPU
		Release|Any CPU = Release|Any CPU
	EndGlobalSection
	GlobalSection(ProjectConfigurationPlatforms) = postSolution
		{EFB26FFC-E8A5-468B-8BBB-A93E1CD5A466}.Debug|Any CPU.ActiveCfg = Debug|Any CPU
		{EFB26FFC-E8A5-468B-8BBB-A93E1CD5A466}.Debug|Any CPU.Build.0 = Debug|Any CPU
		{EFB26FFC-E8A5-468B-8BBB-A93E1CD5A466}.Release|Any CPU.ActiveCfg = Release|Any CPU
		{EFB26FFC-E8A5-468B-8BBB-A93E1CD5A466}.Release|Any CPU.Build.0 = Release|Any CPU
		{D1A9C989-DF90-46F3-941F-098987D707E5}.Debug|Any CPU.ActiveCfg = Debug|Any CPU
		{D1A9C989-DF90-46F3-941F-098987D707E5}.Debug|Any CPU.Build.0 = Debug|Any CPU
		{D1A9C989-DF90-46F3-941F-098987D707E5}.Release|Any CPU.ActiveCfg = Release|Any CPU
		{D1A9C989-DF90-46F3-941F-098987D707E5}.Release|Any CPU.Build.0 = Release|Any CPU
		{CDE42C7E-92C3-477C-A27C-C7C9BAC718D5}.Debug|Any CPU.ActiveCfg = Debug|Any CPU
		{CDE42C7E-92C3-477C-A27C-C7C9BAC718D5}.Debug|Any CPU.Build.0 = Debug|Any CPU
		{CDE42C7E-92C3-477C-A27C-C7C9BAC718D5}.Release|Any CPU.ActiveCfg = Release|Any CPU
		{CDE42C7E-92C3-477C-A27C-C7C9BAC718D5}.Release|Any CPU.Build.0 = Release|Any CPU
		{AE668CE4-97DA-488E-A116-7718B2E91133}.Debug|Any CPU.ActiveCfg = Debug|Any CPU
		{AE668CE4-97DA-488E-A116-7718B2E91133}.Debug|Any CPU.Build.0 = Debug|Any CPU
		{AE668CE4-97DA-488E-A116-7718B2E91133}.Release|Any CPU.ActiveCfg = Release|Any CPU
		{AE668CE4-97DA-488E-A116-7718B2E91133}.Release|Any CPU.Build.0 = Release|Any CPU
		{A2A07444-A7A1-4ECC-8671-FD5922C99DCF}.Debug|Any CPU.ActiveCfg = Debug|Any CPU
		{A2A07444-A7A1-4ECC-8671-FD5922C99DCF}.Debug|Any CPU.Build.0 = Debug|Any CPU
		{A2A07444-A7A1-4ECC-8671-FD5922C99DCF}.Release|Any CPU.ActiveCfg = Release|Any CPU
		{A2A07444-A7A1-4ECC-8671-FD5922C99DCF}.Release|Any CPU.Build.0 = Release|Any CPU
		{6530B2E1-C470-497F-A6BB-7553239515A9}.Debug|Any CPU.ActiveCfg = Debug|Any CPU
		{6530B2E1-C470-497F-A6BB-7553239515A9}.Debug|Any CPU.Build.0 = Debug|Any CPU
		{6530B2E1-C470-497F-A6BB-7553239515A9}.Release|Any CPU.ActiveCfg = Release|Any CPU
		{6530B2E1-C470-497F-A6BB-7553239515A9}.Release|Any CPU.Build.0 = Release|Any CPU
		{A81B2A37-315A-4F56-9B6F-2A6D370FD016}.Debug|Any CPU.ActiveCfg = Debug|Any CPU
		{A81B2A37-315A-4F56-9B6F-2A6D370FD016}.Debug|Any CPU.Build.0 = Debug|Any CPU
		{A81B2A37-315A-4F56-9B6F-2A6D370FD016}.Release|Any CPU.ActiveCfg = Release|Any CPU
		{A81B2A37-315A-4F56-9B6F-2A6D370FD016}.Release|Any CPU.Build.0 = Release|Any CPU
	EndGlobalSection
	GlobalSection(NestedProjects) = preSolution
		{D1A9C989-DF90-46F3-941F-098987D707E5} = {232EC037-54DB-4DC5-A994-6141849FE964}
		{CDE42C7E-92C3-477C-A27C-C7C9BAC718D5} = {22CD3398-EB4D-4663-B28E-D45116A56C0C}
		{AE668CE4-97DA-488E-A116-7718B2E91133} = {22CD3398-EB4D-4663-B28E-D45116A56C0C}
		{A2A07444-A7A1-4ECC-8671-FD5922C99DCF} = {22CD3398-EB4D-4663-B28E-D45116A56C0C}
		{6530B2E1-C470-497F-A6BB-7553239515A9} = {22CD3398-EB4D-4663-B28E-D45116A56C0C}
		{A81B2A37-315A-4F56-9B6F-2A6D370FD016} = {22CD3398-EB4D-4663-B28E-D45116A56C0C}
	EndGlobalSection
EndGlobal
