
Microsoft Visual Studio Solution File, Format Version 12.00
Project("{FAE04EC0-301F-11D3-BF4B-00C04F79EFBC}") = "Solid-Principles", "Solid-Principles\Solid-Principles.csproj", "{EFB26FFC-E8A5-468B-8BBB-A93E1CD5A466}"
EndProject
Project("{2150E333-8FDC-42A3-9474-1A3956D46DE8}") = "Creational-Patterns", "Creational-Patterns", "{22CD3398-EB4D-4663-B28E-D45116A56C0C}"
EndProject
Project("{2150E333-8FDC-42A3-9474-1A3956D46DE8}") = "Singleton-Patterns", "Singleton-Patterns", "{E0A412EC-9025-4E69-8C44-85D951E58FD3}"
EndProject
Project("{FAE04EC0-301F-11D3-BF4B-00C04F79EFBC}") = "Monostate-Singleton", "Creational-Patterns\Singleton-Patterns\Monostate-Singleton\Monostate-Singleton.csproj", "{CD8E519B-09CA-4957-9FBE-B0C00EB2B5DC}"
EndProject
Project("{FAE04EC0-301F-11D3-BF4B-00C04F79EFBC}") = "Hated-Singleton", "Creational-Patterns\Singleton-Patterns\Hated-Singleton\Hated-Singleton.csproj", "{C902B951-04F8-4149-8D5C-297608357275}"
EndProject
Project("{2150E333-8FDC-42A3-9474-1A3956D46DE8}") = "Factory-Patterns", "Factory-Patterns", "{CA55FF52-E0AB-4B45-89C9-AEC22D9810FD}"
EndProject
Project("{2150E333-8FDC-42A3-9474-1A3956D46DE8}") = "Builder-Patterns", "Builder-Patterns", "{711E626B-295E-4A8E-984C-37637F94365F}"
EndProject
Project("{FAE04EC0-301F-11D3-BF4B-00C04F79EFBC}") = "Abstract-Factory", "Creational-Patterns\Factory-Patterns\Abstract-Factory\Abstract-Factory.csproj", "{069A0912-80E6-4ADF-A29E-01357219D435}"
EndProject
Project("{FAE04EC0-301F-11D3-BF4B-00C04F79EFBC}") = "Async-Factory", "Creational-Patterns\Factory-Patterns\Async-Factory\Async-Factory.csproj", "{2FFC0526-6C34-4C1A-B0DA-619F006B9199}"
EndProject
Project("{FAE04EC0-301F-11D3-BF4B-00C04F79EFBC}") = "Factory", "Creational-Patterns\Factory-Patterns\Factory\Factory.csproj", "{A406923A-CC78-4811-ABD9-8D3F3B65357A}"
EndProject
Project("{FAE04EC0-301F-11D3-BF4B-00C04F79EFBC}") = "Factory-Method", "Creational-Patterns\Factory-Patterns\Factory-Method\Factory-Method.csproj", "{2DEDBC10-9A7A-4A0E-9E49-211D70CECDEF}"
EndProject
Project("{FAE04EC0-301F-11D3-BF4B-00C04F79EFBC}") = "Inner-Factory", "Creational-Patterns\Factory-Patterns\Inner-Factory\Inner-Factory.csproj", "{BC56ECA6-7E19-4132-A237-C6AF3E04B0B5}"
EndProject
Project("{FAE04EC0-301F-11D3-BF4B-00C04F79EFBC}") = "Builder", "Creational-Patterns\Builder-Patterns\Builder\Builder.csproj", "{3ED636CA-CFD6-4BEC-926F-0B56EA0AE23D}"
EndProject
Project("{FAE04EC0-301F-11D3-BF4B-00C04F79EFBC}") = "Faceted-Builder", "Creational-Patterns\Builder-Patterns\Faceted-Builder\Faceted-Builder.csproj", "{E3712E3F-D37F-42BF-AA64-C89BD54650D6}"
EndProject
Project("{FAE04EC0-301F-11D3-BF4B-00C04F79EFBC}") = "Fluent-Builder", "Creational-Patterns\Builder-Patterns\Fluent-Builder\Fluent-Builder.csproj", "{BB9B955A-9E5D-4075-88F2-42E8E92B567E}"
EndProject
Project("{FAE04EC0-301F-11D3-BF4B-00C04F79EFBC}") = "Functional-Builder", "Creational-Patterns\Builder-Patterns\Functional-Builder\Functional-Builder.csproj", "{D23533CC-1B17-4E1B-B35F-148BED8C3C65}"
EndProject
Project("{FAE04EC0-301F-11D3-BF4B-00C04F79EFBC}") = "Per-Thread-Singleton", "Creational-Patterns\Singleton-Patterns\Per-Thread-Singleton\Per-Thread-Singleton.csproj", "{93477142-011D-45F8-A2CD-E8891FC689CB}"
EndProject
Project("{FAE04EC0-301F-11D3-BF4B-00C04F79EFBC}") = "Ambient-Context", "Creational-Patterns\Singleton-Patterns\Ambient-Context\Ambient-Context.csproj", "{B4C7C596-875F-40D0-8A54-04D473DFB098}"
EndProject
Project("{2150E333-8FDC-42A3-9474-1A3956D46DE8}") = "Adapter-Patterns", "Adapter-Patterns", "{FA2F0B85-EE67-4F84-AD3D-684E9410435A}"
EndProject
Project("{2150E333-8FDC-42A3-9474-1A3956D46DE8}") = "Prototype-Patterns", "Prototype-Patterns", "{9EDFCCAC-2707-4D84-A843-440247F39F65}"
EndProject
Project("{FAE04EC0-301F-11D3-BF4B-00C04F79EFBC}") = "Prototype", "Creational-Patterns\Prototype-Patterns\Prototype\Prototype.csproj", "{42AC6CE3-17E1-4641-9DF7-2F0FDE3DD755}"
EndProject
Project("{2150E333-8FDC-42A3-9474-1A3956D46DE8}") = "Bridge-Patterns", "Bridge-Patterns", "{D47DC1F3-5696-4CCC-8A60-BB78A03B21C4}"
EndProject
Project("{2150E333-8FDC-42A3-9474-1A3956D46DE8}") = "Composite-Patterns", "Composite-Patterns", "{42201536-F86F-44A5-9EA1-60D438B65B41}"
EndProject
Project("{2150E333-8FDC-42A3-9474-1A3956D46DE8}") = "Decorator-Patterns", "Decorator-Patterns", "{AC9DE9DB-A771-4B6F-A20C-3A7383257E1A}"
EndProject
Project("{2150E333-8FDC-42A3-9474-1A3956D46DE8}") = "Structural-Patterns", "Structural-Patterns", "{11285385-B74C-4BD1-9798-8DA5366BFA4F}"
EndProject
Project("{FAE04EC0-301F-11D3-BF4B-00C04F79EFBC}") = "Adapter-In-DI", "Structural-Patterns\Adapter-Patterns\Adapter-In-DI\Adapter-In-DI.csproj", "{ACF24E06-EB65-4E45-B683-7FE7516FF27B}"
EndProject
Project("{FAE04EC0-301F-11D3-BF4B-00C04F79EFBC}") = "Generic-Value-Adapter", "Structural-Patterns\Adapter-Patterns\Generic-Value-Adapter\Generic-Value-Adapter.csproj", "{285676BE-9FEF-429A-9A85-3D09B2FB8CEF}"
EndProject
Project("{FAE04EC0-301F-11D3-BF4B-00C04F79EFBC}") = "Vector-Raster-Demo", "Structural-Patterns\Adapter-Patterns\Vector-Raster-Demo\Vector-Raster-Demo.csproj", "{7530BF87-FE25-4EC0-B339-2356BEB60F33}"
EndProject
Project("{FAE04EC0-301F-11D3-BF4B-00C04F79EFBC}") = "Bridge", "Structural-Patterns\Bridge-Patterns\Bridge\Bridge.csproj", "{832D5FEF-4E2B-4438-ABC2-EEB62FCEA7FB}"
EndProject
Project("{FAE04EC0-301F-11D3-BF4B-00C04F79EFBC}") = "Composite-Specification", "Structural-Patterns\Composite-Patterns\Composite-Specification\Composite-Specification.csproj", "{7E279F35-AB32-48DD-BD5A-6C6EF599EB5B}"
EndProject
Project("{FAE04EC0-301F-11D3-BF4B-00C04F79EFBC}") = "Geometric-Shapes", "Structural-Patterns\Composite-Patterns\Geometric-Shapes\Geometric-Shapes.csproj", "{A8186E7C-EBAF-43D8-A8AD-8A4394F889E2}"
EndProject
Project("{FAE04EC0-301F-11D3-BF4B-00C04F79EFBC}") = "Neural-Networks", "Structural-Patterns\Composite-Patterns\Neural-Networks\Neural-Networks.csproj", "{37867B3E-6969-4594-B172-D766BE94910A}"
EndProject
Project("{FAE04EC0-301F-11D3-BF4B-00C04F79EFBC}") = "Adapter-Decorator", "Structural-Patterns\Decorator-Patterns\Adapter-Decorator\Adapter-Decorator.csproj", "{C239DF47-EC04-48F0-A96F-7B31965C71D9}"
EndProject
Project("{FAE04EC0-301F-11D3-BF4B-00C04F79EFBC}") = "Custom-String-Builder", "Structural-Patterns\Decorator-Patterns\Custom-String-Builder\Custom-String-Builder.csproj", "{7E655981-27C7-4E87-9F68-CBFDB7985CB1}"
EndProject
Project("{FAE04EC0-301F-11D3-BF4B-00C04F79EFBC}") = "Multiple-Inheritance", "Structural-Patterns\Decorator-Patterns\Multiple-Inheritance\Multiple-Inheritance.csproj", "{3DBA7598-EA4E-4226-8744-C49014BE4243}"
EndProject
Project("{FAE04EC0-301F-11D3-BF4B-00C04F79EFBC}") = "Multiple-Inheritance-Default-Interface-Members", "Structural-Patterns\Decorator-Patterns\Multiple-Inheritance-Default-Interface-Members\Multiple-Inheritance-Default-Interface-Members.csproj", "{96853A65-3ADF-4BAE-8F4C-908B8DFA4178}"
EndProject
Project("{FAE04EC0-301F-11D3-BF4B-00C04F79EFBC}") = "Dynamic-Decorator-Composition", "Structural-Patterns\Decorator-Patterns\Dynamic-Decorator-Composition\Dynamic-Decorator-Composition.csproj", "{BED48C01-BB6E-4B36-9087-5F82100C901F}"
EndProject
Project("{FAE04EC0-301F-11D3-BF4B-00C04F79EFBC}") = "Static-Decorator-Composition", "Structural-Patterns\Decorator-Patterns\Static-Decorator-Composition\Static-Decorator-Composition.csproj", "{FB9DEC18-1094-4A7F-98CE-14EB081764DD}"
EndProject
Project("{FAE04EC0-301F-11D3-BF4B-00C04F79EFBC}") = "Decorator-In-DI", "Structural-Patterns\Decorator-Patterns\Decorator-In-DI\Decorator-In-DI.csproj", "{D3F83FD9-4D9E-417A-8DB6-E90F1CD44A4E}"
EndProject
Project("{2150E333-8FDC-42A3-9474-1A3956D46DE8}") = "Facade-Patterns", "Facade-Patterns", "{258651B5-22C4-480E-B68C-FE76817DB598}"
EndProject
Project("{FAE04EC0-301F-11D3-BF4B-00C04F79EFBC}") = "Facade", "Structural-Patterns\Facade-Patterns\Facade\Facade.csproj", "{DAE24A71-C9B8-4193-9890-DC93A37AFB70}"
EndProject
Project("{2150E333-8FDC-42A3-9474-1A3956D46DE8}") = "Flyweight-Patterns", "Flyweight-Patterns", "{2E120DA1-D85F-4FD6-869D-EEE96282202D}"
EndProject
Project("{FAE04EC0-301F-11D3-BF4B-00C04F79EFBC}") = "Repeating-Usernames", "Structural-Patterns\Flyweight-Patterns\Repeating-Usernames\Repeating-Usernames.csproj", "{B6E0D671-91EF-41BE-828A-9C1843FA8DA7}"
EndProject
Project("{FAE04EC0-301F-11D3-BF4B-00C04F79EFBC}") = "Text-Formatting", "Structural-Patterns\Flyweight-Patterns\Text-Formatting\Text-Formatting.csproj", "{DC4DAD7B-84F5-4872-9316-5EB41B37ED54}"
EndProject
Project("{2150E333-8FDC-42A3-9474-1A3956D46DE8}") = "Proxy-Patterns", "Proxy-Patterns", "{E2985306-02B5-47FD-9F04-C161DAC5C306}"
EndProject
Project("{FAE04EC0-301F-11D3-BF4B-00C04F79EFBC}") = "Protection-Proxy", "Structural-Patterns\Proxy-Patterns\Protection-Proxy\Protection-Proxy.csproj", "{4B108A1F-8BF9-45A5-9612-EFA03EDDB29F}"
EndProject
Project("{FAE04EC0-301F-11D3-BF4B-00C04F79EFBC}") = "Property-Proxy", "Structural-Patterns\Proxy-Patterns\Property-Proxy\Property-Proxy.csproj", "{BFD826DD-E861-4EDE-B9F5-5439E29C71A0}"
EndProject
Project("{FAE04EC0-301F-11D3-BF4B-00C04F79EFBC}") = "Value-Proxy", "Structural-Patterns\Proxy-Patterns\Value-Proxy\Value-Proxy.csproj", "{241850AB-E31D-4A93-AFE8-1962E243D035}"
EndProject
Project("{FAE04EC0-301F-11D3-BF4B-00C04F79EFBC}") = "Composite-Proxy", "Structural-Patterns\Proxy-Patterns\Composite-Proxy\Composite-Proxy.csproj", "{578BD61F-392A-404B-BB3B-53760B573DA4}"
EndProject
Global
	GlobalSection(SolutionConfigurationPlatforms) = preSolution
		Debug|Any CPU = Debug|Any CPU
		Release|Any CPU = Release|Any CPU
	EndGlobalSection
	GlobalSection(ProjectConfigurationPlatforms) = postSolution
		{EFB26FFC-E8A5-468B-8BBB-A93E1CD5A466}.Debug|Any CPU.ActiveCfg = Debug|Any CPU
		{EFB26FFC-E8A5-468B-8BBB-A93E1CD5A466}.Debug|Any CPU.Build.0 = Debug|Any CPU
		{EFB26FFC-E8A5-468B-8BBB-A93E1CD5A466}.Release|Any CPU.ActiveCfg = Release|Any CPU
		{EFB26FFC-E8A5-468B-8BBB-A93E1CD5A466}.Release|Any CPU.Build.0 = Release|Any CPU
		{CD8E519B-09CA-4957-9FBE-B0C00EB2B5DC}.Debug|Any CPU.ActiveCfg = Debug|Any CPU
		{CD8E519B-09CA-4957-9FBE-B0C00EB2B5DC}.Debug|Any CPU.Build.0 = Debug|Any CPU
		{CD8E519B-09CA-4957-9FBE-B0C00EB2B5DC}.Release|Any CPU.ActiveCfg = Release|Any CPU
		{CD8E519B-09CA-4957-9FBE-B0C00EB2B5DC}.Release|Any CPU.Build.0 = Release|Any CPU
		{C902B951-04F8-4149-8D5C-297608357275}.Debug|Any CPU.ActiveCfg = Debug|Any CPU
		{C902B951-04F8-4149-8D5C-297608357275}.Debug|Any CPU.Build.0 = Debug|Any CPU
		{C902B951-04F8-4149-8D5C-297608357275}.Release|Any CPU.ActiveCfg = Release|Any CPU
		{C902B951-04F8-4149-8D5C-297608357275}.Release|Any CPU.Build.0 = Release|Any CPU
		{069A0912-80E6-4ADF-A29E-01357219D435}.Debug|Any CPU.ActiveCfg = Debug|Any CPU
		{069A0912-80E6-4ADF-A29E-01357219D435}.Debug|Any CPU.Build.0 = Debug|Any CPU
		{069A0912-80E6-4ADF-A29E-01357219D435}.Release|Any CPU.ActiveCfg = Release|Any CPU
		{069A0912-80E6-4ADF-A29E-01357219D435}.Release|Any CPU.Build.0 = Release|Any CPU
		{2FFC0526-6C34-4C1A-B0DA-619F006B9199}.Debug|Any CPU.ActiveCfg = Debug|Any CPU
		{2FFC0526-6C34-4C1A-B0DA-619F006B9199}.Debug|Any CPU.Build.0 = Debug|Any CPU
		{2FFC0526-6C34-4C1A-B0DA-619F006B9199}.Release|Any CPU.ActiveCfg = Release|Any CPU
		{2FFC0526-6C34-4C1A-B0DA-619F006B9199}.Release|Any CPU.Build.0 = Release|Any CPU
		{A406923A-CC78-4811-ABD9-8D3F3B65357A}.Debug|Any CPU.ActiveCfg = Debug|Any CPU
		{A406923A-CC78-4811-ABD9-8D3F3B65357A}.Debug|Any CPU.Build.0 = Debug|Any CPU
		{A406923A-CC78-4811-ABD9-8D3F3B65357A}.Release|Any CPU.ActiveCfg = Release|Any CPU
		{A406923A-CC78-4811-ABD9-8D3F3B65357A}.Release|Any CPU.Build.0 = Release|Any CPU
		{2DEDBC10-9A7A-4A0E-9E49-211D70CECDEF}.Debug|Any CPU.ActiveCfg = Debug|Any CPU
		{2DEDBC10-9A7A-4A0E-9E49-211D70CECDEF}.Debug|Any CPU.Build.0 = Debug|Any CPU
		{2DEDBC10-9A7A-4A0E-9E49-211D70CECDEF}.Release|Any CPU.ActiveCfg = Release|Any CPU
		{2DEDBC10-9A7A-4A0E-9E49-211D70CECDEF}.Release|Any CPU.Build.0 = Release|Any CPU
		{BC56ECA6-7E19-4132-A237-C6AF3E04B0B5}.Debug|Any CPU.ActiveCfg = Debug|Any CPU
		{BC56ECA6-7E19-4132-A237-C6AF3E04B0B5}.Debug|Any CPU.Build.0 = Debug|Any CPU
		{BC56ECA6-7E19-4132-A237-C6AF3E04B0B5}.Release|Any CPU.ActiveCfg = Release|Any CPU
		{BC56ECA6-7E19-4132-A237-C6AF3E04B0B5}.Release|Any CPU.Build.0 = Release|Any CPU
		{3ED636CA-CFD6-4BEC-926F-0B56EA0AE23D}.Debug|Any CPU.ActiveCfg = Debug|Any CPU
		{3ED636CA-CFD6-4BEC-926F-0B56EA0AE23D}.Debug|Any CPU.Build.0 = Debug|Any CPU
		{3ED636CA-CFD6-4BEC-926F-0B56EA0AE23D}.Release|Any CPU.ActiveCfg = Release|Any CPU
		{3ED636CA-CFD6-4BEC-926F-0B56EA0AE23D}.Release|Any CPU.Build.0 = Release|Any CPU
		{E3712E3F-D37F-42BF-AA64-C89BD54650D6}.Debug|Any CPU.ActiveCfg = Debug|Any CPU
		{E3712E3F-D37F-42BF-AA64-C89BD54650D6}.Debug|Any CPU.Build.0 = Debug|Any CPU
		{E3712E3F-D37F-42BF-AA64-C89BD54650D6}.Release|Any CPU.ActiveCfg = Release|Any CPU
		{E3712E3F-D37F-42BF-AA64-C89BD54650D6}.Release|Any CPU.Build.0 = Release|Any CPU
		{BB9B955A-9E5D-4075-88F2-42E8E92B567E}.Debug|Any CPU.ActiveCfg = Debug|Any CPU
		{BB9B955A-9E5D-4075-88F2-42E8E92B567E}.Debug|Any CPU.Build.0 = Debug|Any CPU
		{BB9B955A-9E5D-4075-88F2-42E8E92B567E}.Release|Any CPU.ActiveCfg = Release|Any CPU
		{BB9B955A-9E5D-4075-88F2-42E8E92B567E}.Release|Any CPU.Build.0 = Release|Any CPU
		{D23533CC-1B17-4E1B-B35F-148BED8C3C65}.Debug|Any CPU.ActiveCfg = Debug|Any CPU
		{D23533CC-1B17-4E1B-B35F-148BED8C3C65}.Debug|Any CPU.Build.0 = Debug|Any CPU
		{D23533CC-1B17-4E1B-B35F-148BED8C3C65}.Release|Any CPU.ActiveCfg = Release|Any CPU
		{D23533CC-1B17-4E1B-B35F-148BED8C3C65}.Release|Any CPU.Build.0 = Release|Any CPU
		{93477142-011D-45F8-A2CD-E8891FC689CB}.Debug|Any CPU.ActiveCfg = Debug|Any CPU
		{93477142-011D-45F8-A2CD-E8891FC689CB}.Debug|Any CPU.Build.0 = Debug|Any CPU
		{93477142-011D-45F8-A2CD-E8891FC689CB}.Release|Any CPU.ActiveCfg = Release|Any CPU
		{93477142-011D-45F8-A2CD-E8891FC689CB}.Release|Any CPU.Build.0 = Release|Any CPU
		{B4C7C596-875F-40D0-8A54-04D473DFB098}.Debug|Any CPU.ActiveCfg = Debug|Any CPU
		{B4C7C596-875F-40D0-8A54-04D473DFB098}.Debug|Any CPU.Build.0 = Debug|Any CPU
		{B4C7C596-875F-40D0-8A54-04D473DFB098}.Release|Any CPU.ActiveCfg = Release|Any CPU
		{B4C7C596-875F-40D0-8A54-04D473DFB098}.Release|Any CPU.Build.0 = Release|Any CPU
		{42AC6CE3-17E1-4641-9DF7-2F0FDE3DD755}.Debug|Any CPU.ActiveCfg = Debug|Any CPU
		{42AC6CE3-17E1-4641-9DF7-2F0FDE3DD755}.Debug|Any CPU.Build.0 = Debug|Any CPU
		{42AC6CE3-17E1-4641-9DF7-2F0FDE3DD755}.Release|Any CPU.ActiveCfg = Release|Any CPU
		{42AC6CE3-17E1-4641-9DF7-2F0FDE3DD755}.Release|Any CPU.Build.0 = Release|Any CPU
		{ACF24E06-EB65-4E45-B683-7FE7516FF27B}.Debug|Any CPU.ActiveCfg = Debug|Any CPU
		{ACF24E06-EB65-4E45-B683-7FE7516FF27B}.Debug|Any CPU.Build.0 = Debug|Any CPU
		{ACF24E06-EB65-4E45-B683-7FE7516FF27B}.Release|Any CPU.ActiveCfg = Release|Any CPU
		{ACF24E06-EB65-4E45-B683-7FE7516FF27B}.Release|Any CPU.Build.0 = Release|Any CPU
		{285676BE-9FEF-429A-9A85-3D09B2FB8CEF}.Debug|Any CPU.ActiveCfg = Debug|Any CPU
		{285676BE-9FEF-429A-9A85-3D09B2FB8CEF}.Debug|Any CPU.Build.0 = Debug|Any CPU
		{285676BE-9FEF-429A-9A85-3D09B2FB8CEF}.Release|Any CPU.ActiveCfg = Release|Any CPU
		{285676BE-9FEF-429A-9A85-3D09B2FB8CEF}.Release|Any CPU.Build.0 = Release|Any CPU
		{7530BF87-FE25-4EC0-B339-2356BEB60F33}.Debug|Any CPU.ActiveCfg = Debug|Any CPU
		{7530BF87-FE25-4EC0-B339-2356BEB60F33}.Debug|Any CPU.Build.0 = Debug|Any CPU
		{7530BF87-FE25-4EC0-B339-2356BEB60F33}.Release|Any CPU.ActiveCfg = Release|Any CPU
		{7530BF87-FE25-4EC0-B339-2356BEB60F33}.Release|Any CPU.Build.0 = Release|Any CPU
		{832D5FEF-4E2B-4438-ABC2-EEB62FCEA7FB}.Debug|Any CPU.ActiveCfg = Debug|Any CPU
		{832D5FEF-4E2B-4438-ABC2-EEB62FCEA7FB}.Debug|Any CPU.Build.0 = Debug|Any CPU
		{832D5FEF-4E2B-4438-ABC2-EEB62FCEA7FB}.Release|Any CPU.ActiveCfg = Release|Any CPU
		{832D5FEF-4E2B-4438-ABC2-EEB62FCEA7FB}.Release|Any CPU.Build.0 = Release|Any CPU
		{7E279F35-AB32-48DD-BD5A-6C6EF599EB5B}.Debug|Any CPU.ActiveCfg = Debug|Any CPU
		{7E279F35-AB32-48DD-BD5A-6C6EF599EB5B}.Debug|Any CPU.Build.0 = Debug|Any CPU
		{7E279F35-AB32-48DD-BD5A-6C6EF599EB5B}.Release|Any CPU.ActiveCfg = Release|Any CPU
		{7E279F35-AB32-48DD-BD5A-6C6EF599EB5B}.Release|Any CPU.Build.0 = Release|Any CPU
		{A8186E7C-EBAF-43D8-A8AD-8A4394F889E2}.Debug|Any CPU.ActiveCfg = Debug|Any CPU
		{A8186E7C-EBAF-43D8-A8AD-8A4394F889E2}.Debug|Any CPU.Build.0 = Debug|Any CPU
		{A8186E7C-EBAF-43D8-A8AD-8A4394F889E2}.Release|Any CPU.ActiveCfg = Release|Any CPU
		{A8186E7C-EBAF-43D8-A8AD-8A4394F889E2}.Release|Any CPU.Build.0 = Release|Any CPU
		{37867B3E-6969-4594-B172-D766BE94910A}.Debug|Any CPU.ActiveCfg = Debug|Any CPU
		{37867B3E-6969-4594-B172-D766BE94910A}.Debug|Any CPU.Build.0 = Debug|Any CPU
		{37867B3E-6969-4594-B172-D766BE94910A}.Release|Any CPU.ActiveCfg = Release|Any CPU
		{37867B3E-6969-4594-B172-D766BE94910A}.Release|Any CPU.Build.0 = Release|Any CPU
		{C239DF47-EC04-48F0-A96F-7B31965C71D9}.Debug|Any CPU.ActiveCfg = Debug|Any CPU
		{C239DF47-EC04-48F0-A96F-7B31965C71D9}.Debug|Any CPU.Build.0 = Debug|Any CPU
		{C239DF47-EC04-48F0-A96F-7B31965C71D9}.Release|Any CPU.ActiveCfg = Release|Any CPU
		{C239DF47-EC04-48F0-A96F-7B31965C71D9}.Release|Any CPU.Build.0 = Release|Any CPU
		{7E655981-27C7-4E87-9F68-CBFDB7985CB1}.Debug|Any CPU.ActiveCfg = Debug|Any CPU
		{7E655981-27C7-4E87-9F68-CBFDB7985CB1}.Debug|Any CPU.Build.0 = Debug|Any CPU
		{7E655981-27C7-4E87-9F68-CBFDB7985CB1}.Release|Any CPU.ActiveCfg = Release|Any CPU
		{7E655981-27C7-4E87-9F68-CBFDB7985CB1}.Release|Any CPU.Build.0 = Release|Any CPU
		{3DBA7598-EA4E-4226-8744-C49014BE4243}.Debug|Any CPU.ActiveCfg = Debug|Any CPU
		{3DBA7598-EA4E-4226-8744-C49014BE4243}.Debug|Any CPU.Build.0 = Debug|Any CPU
		{3DBA7598-EA4E-4226-8744-C49014BE4243}.Release|Any CPU.ActiveCfg = Release|Any CPU
		{3DBA7598-EA4E-4226-8744-C49014BE4243}.Release|Any CPU.Build.0 = Release|Any CPU
		{96853A65-3ADF-4BAE-8F4C-908B8DFA4178}.Debug|Any CPU.ActiveCfg = Debug|Any CPU
		{96853A65-3ADF-4BAE-8F4C-908B8DFA4178}.Debug|Any CPU.Build.0 = Debug|Any CPU
		{96853A65-3ADF-4BAE-8F4C-908B8DFA4178}.Release|Any CPU.ActiveCfg = Release|Any CPU
		{96853A65-3ADF-4BAE-8F4C-908B8DFA4178}.Release|Any CPU.Build.0 = Release|Any CPU
		{BED48C01-BB6E-4B36-9087-5F82100C901F}.Debug|Any CPU.ActiveCfg = Debug|Any CPU
		{BED48C01-BB6E-4B36-9087-5F82100C901F}.Debug|Any CPU.Build.0 = Debug|Any CPU
		{BED48C01-BB6E-4B36-9087-5F82100C901F}.Release|Any CPU.ActiveCfg = Release|Any CPU
		{BED48C01-BB6E-4B36-9087-5F82100C901F}.Release|Any CPU.Build.0 = Release|Any CPU
		{FB9DEC18-1094-4A7F-98CE-14EB081764DD}.Debug|Any CPU.ActiveCfg = Debug|Any CPU
		{FB9DEC18-1094-4A7F-98CE-14EB081764DD}.Debug|Any CPU.Build.0 = Debug|Any CPU
		{FB9DEC18-1094-4A7F-98CE-14EB081764DD}.Release|Any CPU.ActiveCfg = Release|Any CPU
		{FB9DEC18-1094-4A7F-98CE-14EB081764DD}.Release|Any CPU.Build.0 = Release|Any CPU
		{D3F83FD9-4D9E-417A-8DB6-E90F1CD44A4E}.Debug|Any CPU.ActiveCfg = Debug|Any CPU
		{D3F83FD9-4D9E-417A-8DB6-E90F1CD44A4E}.Debug|Any CPU.Build.0 = Debug|Any CPU
		{D3F83FD9-4D9E-417A-8DB6-E90F1CD44A4E}.Release|Any CPU.ActiveCfg = Release|Any CPU
		{D3F83FD9-4D9E-417A-8DB6-E90F1CD44A4E}.Release|Any CPU.Build.0 = Release|Any CPU
		{DAE24A71-C9B8-4193-9890-DC93A37AFB70}.Debug|Any CPU.ActiveCfg = Debug|Any CPU
		{DAE24A71-C9B8-4193-9890-DC93A37AFB70}.Debug|Any CPU.Build.0 = Debug|Any CPU
		{DAE24A71-C9B8-4193-9890-DC93A37AFB70}.Release|Any CPU.ActiveCfg = Release|Any CPU
		{DAE24A71-C9B8-4193-9890-DC93A37AFB70}.Release|Any CPU.Build.0 = Release|Any CPU
		{B6E0D671-91EF-41BE-828A-9C1843FA8DA7}.Debug|Any CPU.ActiveCfg = Debug|Any CPU
		{B6E0D671-91EF-41BE-828A-9C1843FA8DA7}.Debug|Any CPU.Build.0 = Debug|Any CPU
		{B6E0D671-91EF-41BE-828A-9C1843FA8DA7}.Release|Any CPU.ActiveCfg = Release|Any CPU
		{B6E0D671-91EF-41BE-828A-9C1843FA8DA7}.Release|Any CPU.Build.0 = Release|Any CPU
		{DC4DAD7B-84F5-4872-9316-5EB41B37ED54}.Debug|Any CPU.ActiveCfg = Debug|Any CPU
		{DC4DAD7B-84F5-4872-9316-5EB41B37ED54}.Debug|Any CPU.Build.0 = Debug|Any CPU
		{DC4DAD7B-84F5-4872-9316-5EB41B37ED54}.Release|Any CPU.ActiveCfg = Release|Any CPU
		{DC4DAD7B-84F5-4872-9316-5EB41B37ED54}.Release|Any CPU.Build.0 = Release|Any CPU
		{4B108A1F-8BF9-45A5-9612-EFA03EDDB29F}.Debug|Any CPU.ActiveCfg = Debug|Any CPU
		{4B108A1F-8BF9-45A5-9612-EFA03EDDB29F}.Debug|Any CPU.Build.0 = Debug|Any CPU
		{4B108A1F-8BF9-45A5-9612-EFA03EDDB29F}.Release|Any CPU.ActiveCfg = Release|Any CPU
		{4B108A1F-8BF9-45A5-9612-EFA03EDDB29F}.Release|Any CPU.Build.0 = Release|Any CPU
		{BFD826DD-E861-4EDE-B9F5-5439E29C71A0}.Debug|Any CPU.ActiveCfg = Debug|Any CPU
		{BFD826DD-E861-4EDE-B9F5-5439E29C71A0}.Debug|Any CPU.Build.0 = Debug|Any CPU
		{BFD826DD-E861-4EDE-B9F5-5439E29C71A0}.Release|Any CPU.ActiveCfg = Release|Any CPU
		{BFD826DD-E861-4EDE-B9F5-5439E29C71A0}.Release|Any CPU.Build.0 = Release|Any CPU
		{241850AB-E31D-4A93-AFE8-1962E243D035}.Debug|Any CPU.ActiveCfg = Debug|Any CPU
		{241850AB-E31D-4A93-AFE8-1962E243D035}.Debug|Any CPU.Build.0 = Debug|Any CPU
		{241850AB-E31D-4A93-AFE8-1962E243D035}.Release|Any CPU.ActiveCfg = Release|Any CPU
		{241850AB-E31D-4A93-AFE8-1962E243D035}.Release|Any CPU.Build.0 = Release|Any CPU
		{578BD61F-392A-404B-BB3B-53760B573DA4}.Debug|Any CPU.ActiveCfg = Debug|Any CPU
		{578BD61F-392A-404B-BB3B-53760B573DA4}.Debug|Any CPU.Build.0 = Debug|Any CPU
		{578BD61F-392A-404B-BB3B-53760B573DA4}.Release|Any CPU.ActiveCfg = Release|Any CPU
		{578BD61F-392A-404B-BB3B-53760B573DA4}.Release|Any CPU.Build.0 = Release|Any CPU
	EndGlobalSection
	GlobalSection(NestedProjects) = preSolution
		{E0A412EC-9025-4E69-8C44-85D951E58FD3} = {22CD3398-EB4D-4663-B28E-D45116A56C0C}
		{CD8E519B-09CA-4957-9FBE-B0C00EB2B5DC} = {E0A412EC-9025-4E69-8C44-85D951E58FD3}
		{C902B951-04F8-4149-8D5C-297608357275} = {E0A412EC-9025-4E69-8C44-85D951E58FD3}
		{CA55FF52-E0AB-4B45-89C9-AEC22D9810FD} = {22CD3398-EB4D-4663-B28E-D45116A56C0C}
		{711E626B-295E-4A8E-984C-37637F94365F} = {22CD3398-EB4D-4663-B28E-D45116A56C0C}
		{069A0912-80E6-4ADF-A29E-01357219D435} = {CA55FF52-E0AB-4B45-89C9-AEC22D9810FD}
		{2FFC0526-6C34-4C1A-B0DA-619F006B9199} = {CA55FF52-E0AB-4B45-89C9-AEC22D9810FD}
		{A406923A-CC78-4811-ABD9-8D3F3B65357A} = {CA55FF52-E0AB-4B45-89C9-AEC22D9810FD}
		{2DEDBC10-9A7A-4A0E-9E49-211D70CECDEF} = {CA55FF52-E0AB-4B45-89C9-AEC22D9810FD}
		{BC56ECA6-7E19-4132-A237-C6AF3E04B0B5} = {CA55FF52-E0AB-4B45-89C9-AEC22D9810FD}
		{3ED636CA-CFD6-4BEC-926F-0B56EA0AE23D} = {711E626B-295E-4A8E-984C-37637F94365F}
		{E3712E3F-D37F-42BF-AA64-C89BD54650D6} = {711E626B-295E-4A8E-984C-37637F94365F}
		{BB9B955A-9E5D-4075-88F2-42E8E92B567E} = {711E626B-295E-4A8E-984C-37637F94365F}
		{D23533CC-1B17-4E1B-B35F-148BED8C3C65} = {711E626B-295E-4A8E-984C-37637F94365F}
		{93477142-011D-45F8-A2CD-E8891FC689CB} = {E0A412EC-9025-4E69-8C44-85D951E58FD3}
		{B4C7C596-875F-40D0-8A54-04D473DFB098} = {E0A412EC-9025-4E69-8C44-85D951E58FD3}
		{9EDFCCAC-2707-4D84-A843-440247F39F65} = {22CD3398-EB4D-4663-B28E-D45116A56C0C}
		{42AC6CE3-17E1-4641-9DF7-2F0FDE3DD755} = {9EDFCCAC-2707-4D84-A843-440247F39F65}
		{FA2F0B85-EE67-4F84-AD3D-684E9410435A} = {11285385-B74C-4BD1-9798-8DA5366BFA4F}
		{D47DC1F3-5696-4CCC-8A60-BB78A03B21C4} = {11285385-B74C-4BD1-9798-8DA5366BFA4F}
		{42201536-F86F-44A5-9EA1-60D438B65B41} = {11285385-B74C-4BD1-9798-8DA5366BFA4F}
		{AC9DE9DB-A771-4B6F-A20C-3A7383257E1A} = {11285385-B74C-4BD1-9798-8DA5366BFA4F}
		{ACF24E06-EB65-4E45-B683-7FE7516FF27B} = {FA2F0B85-EE67-4F84-AD3D-684E9410435A}
		{285676BE-9FEF-429A-9A85-3D09B2FB8CEF} = {FA2F0B85-EE67-4F84-AD3D-684E9410435A}
		{7530BF87-FE25-4EC0-B339-2356BEB60F33} = {FA2F0B85-EE67-4F84-AD3D-684E9410435A}
		{832D5FEF-4E2B-4438-ABC2-EEB62FCEA7FB} = {D47DC1F3-5696-4CCC-8A60-BB78A03B21C4}
		{7E279F35-AB32-48DD-BD5A-6C6EF599EB5B} = {42201536-F86F-44A5-9EA1-60D438B65B41}
		{A8186E7C-EBAF-43D8-A8AD-8A4394F889E2} = {42201536-F86F-44A5-9EA1-60D438B65B41}
		{37867B3E-6969-4594-B172-D766BE94910A} = {42201536-F86F-44A5-9EA1-60D438B65B41}
		{C239DF47-EC04-48F0-A96F-7B31965C71D9} = {AC9DE9DB-A771-4B6F-A20C-3A7383257E1A}
		{7E655981-27C7-4E87-9F68-CBFDB7985CB1} = {AC9DE9DB-A771-4B6F-A20C-3A7383257E1A}
		{3DBA7598-EA4E-4226-8744-C49014BE4243} = {AC9DE9DB-A771-4B6F-A20C-3A7383257E1A}
		{96853A65-3ADF-4BAE-8F4C-908B8DFA4178} = {AC9DE9DB-A771-4B6F-A20C-3A7383257E1A}
		{BED48C01-BB6E-4B36-9087-5F82100C901F} = {AC9DE9DB-A771-4B6F-A20C-3A7383257E1A}
		{FB9DEC18-1094-4A7F-98CE-14EB081764DD} = {AC9DE9DB-A771-4B6F-A20C-3A7383257E1A}
		{D3F83FD9-4D9E-417A-8DB6-E90F1CD44A4E} = {AC9DE9DB-A771-4B6F-A20C-3A7383257E1A}
		{258651B5-22C4-480E-B68C-FE76817DB598} = {11285385-B74C-4BD1-9798-8DA5366BFA4F}
		{DAE24A71-C9B8-4193-9890-DC93A37AFB70} = {258651B5-22C4-480E-B68C-FE76817DB598}
		{2E120DA1-D85F-4FD6-869D-EEE96282202D} = {11285385-B74C-4BD1-9798-8DA5366BFA4F}
		{B6E0D671-91EF-41BE-828A-9C1843FA8DA7} = {2E120DA1-D85F-4FD6-869D-EEE96282202D}
		{DC4DAD7B-84F5-4872-9316-5EB41B37ED54} = {2E120DA1-D85F-4FD6-869D-EEE96282202D}
		{E2985306-02B5-47FD-9F04-C161DAC5C306} = {11285385-B74C-4BD1-9798-8DA5366BFA4F}
		{4B108A1F-8BF9-45A5-9612-EFA03EDDB29F} = {E2985306-02B5-47FD-9F04-C161DAC5C306}
		{BFD826DD-E861-4EDE-B9F5-5439E29C71A0} = {E2985306-02B5-47FD-9F04-C161DAC5C306}
		{241850AB-E31D-4A93-AFE8-1962E243D035} = {E2985306-02B5-47FD-9F04-C161DAC5C306}
		{578BD61F-392A-404B-BB3B-53760B573DA4} = {E2985306-02B5-47FD-9F04-C161DAC5C306}
	EndGlobalSection
EndGlobal
